
Microsoft Visual Studio Solution File, Format Version 12.00
# Visual Studio Version 17
VisualStudioVersion = 17.5.33424.131
MinimumVisualStudioVersion = 10.0.40219.1
Project("{FAE04EC0-301F-11D3-BF4B-00C04F79EFBC}") = "Alessio.Exercist", "Alessio.Exercist\Alessio.Exercist.csproj", "{AA3B65E9-BAC0-47F4-956C-039A7EFCA015}"
EndProject
Global
	GlobalSection(SolutionConfigurationPlatforms) = preSolution
		Debug|Any CPU = Debug|Any CPU
		Release|Any CPU = Release|Any CPU
	EndGlobalSection
	GlobalSection(ProjectConfigurationPlatforms) = postSolution
		{AA3B65E9-BAC0-47F4-956C-039A7EFCA015}.Debug|Any CPU.ActiveCfg = Debug|Any CPU
		{AA3B65E9-BAC0-47F4-956C-039A7EFCA015}.Debug|Any CPU.Build.0 = Debug|Any CPU
		{AA3B65E9-BAC0-47F4-956C-039A7EFCA015}.Release|Any CPU.ActiveCfg = Release|Any CPU
		{AA3B65E9-BAC0-47F4-956C-039A7EFCA015}.Release|Any CPU.Build.0 = Release|Any CPU
	EndGlobalSection
	GlobalSection(SolutionProperties) = preSolution
		HideSolutionNode = FALSE
	EndGlobalSection
	GlobalSection(ExtensibilityGlobals) = postSolution
		SolutionGuid = {4D514CCE-3DDC-4E6C-9417-968B03A2BEBB}
	EndGlobalSection
EndGlobal
