
Microsoft Visual Studio Solution File, Format Version 12.00
# Visual Studio Version 17
VisualStudioVersion = 17.5.33424.131
MinimumVisualStudioVersion = 10.0.40219.1
Project("{9A19103F-16F7-4668-BE54-9A1E7A4F7556}") = "Alessio.Exercises", "Alessio.Exercist\Alessio.Exercises.csproj", "{AA3B65E9-BAC0-47F4-956C-039A7EFCA015}"
EndProject
Project("{9A19103F-16F7-4668-BE54-9A1E7A4F7556}") = "Alessio.Exercises2", "Alessio.Exercises2\Alessio.Exercises2.csproj", "{27F72ADD-E695-4E20-8822-22CFBA82A751}"
EndProject
Project("{9A19103F-16F7-4668-BE54-9A1E7A4F7556}") = "Alessio.Exercises3", "Exercises3\Alessio.Exercises3.csproj", "{85098118-EFA9-4086-999B-5DA6BCAAFE2B}"
EndProject
Project("{9A19103F-16F7-4668-BE54-9A1E7A4F7556}") = "Alessio.Exercises4", "Alessio.Exercises4\Alessio.Exercises4.csproj", "{CF44A36C-3F55-484D-B1DD-1C7DF9E709DE}"
EndProject
Project("{9A19103F-16F7-4668-BE54-9A1E7A4F7556}") = "Alessio.Exercises5", "Alessio.Exercises5\Alessio.Exercises5.csproj", "{4EF77BBF-44B9-4101-B492-5BBE42C7B94D}"
EndProject
Project("{FAE04EC0-301F-11D3-BF4B-00C04F79EFBC}") = "Alessio.Exersises6", "Alessio.Exersise6\Alessio.Exersises6.csproj", "{9AE132B7-57B8-44DB-A6C4-270AA80D9569}"
EndProject
Project("{FAE04EC0-301F-11D3-BF4B-00C04F79EFBC}") = "Alessio.Exersises7", "Alessio.Exersise7\Alessio.Exersises7.csproj", "{1899ECB0-23EA-47E4-9F6E-8BED98485B11}"
EndProject
Global
	GlobalSection(SolutionConfigurationPlatforms) = preSolution
		Debug|Any CPU = Debug|Any CPU
		Release|Any CPU = Release|Any CPU
	EndGlobalSection
	GlobalSection(ProjectConfigurationPlatforms) = postSolution
		{AA3B65E9-BAC0-47F4-956C-039A7EFCA015}.Debug|Any CPU.ActiveCfg = Debug|Any CPU
		{AA3B65E9-BAC0-47F4-956C-039A7EFCA015}.Debug|Any CPU.Build.0 = Debug|Any CPU
		{AA3B65E9-BAC0-47F4-956C-039A7EFCA015}.Release|Any CPU.ActiveCfg = Release|Any CPU
		{AA3B65E9-BAC0-47F4-956C-039A7EFCA015}.Release|Any CPU.Build.0 = Release|Any CPU
		{27F72ADD-E695-4E20-8822-22CFBA82A751}.Debug|Any CPU.ActiveCfg = Debug|Any CPU
		{27F72ADD-E695-4E20-8822-22CFBA82A751}.Debug|Any CPU.Build.0 = Debug|Any CPU
		{27F72ADD-E695-4E20-8822-22CFBA82A751}.Release|Any CPU.ActiveCfg = Release|Any CPU
		{27F72ADD-E695-4E20-8822-22CFBA82A751}.Release|Any CPU.Build.0 = Release|Any CPU
		{85098118-EFA9-4086-999B-5DA6BCAAFE2B}.Debug|Any CPU.ActiveCfg = Debug|Any CPU
		{85098118-EFA9-4086-999B-5DA6BCAAFE2B}.Debug|Any CPU.Build.0 = Debug|Any CPU
		{85098118-EFA9-4086-999B-5DA6BCAAFE2B}.Release|Any CPU.ActiveCfg = Release|Any CPU
		{85098118-EFA9-4086-999B-5DA6BCAAFE2B}.Release|Any CPU.Build.0 = Release|Any CPU
		{CF44A36C-3F55-484D-B1DD-1C7DF9E709DE}.Debug|Any CPU.ActiveCfg = Debug|Any CPU
		{CF44A36C-3F55-484D-B1DD-1C7DF9E709DE}.Debug|Any CPU.Build.0 = Debug|Any CPU
		{CF44A36C-3F55-484D-B1DD-1C7DF9E709DE}.Release|Any CPU.ActiveCfg = Release|Any CPU
		{CF44A36C-3F55-484D-B1DD-1C7DF9E709DE}.Release|Any CPU.Build.0 = Release|Any CPU
		{4EF77BBF-44B9-4101-B492-5BBE42C7B94D}.Debug|Any CPU.ActiveCfg = Debug|Any CPU
		{4EF77BBF-44B9-4101-B492-5BBE42C7B94D}.Debug|Any CPU.Build.0 = Debug|Any CPU
		{4EF77BBF-44B9-4101-B492-5BBE42C7B94D}.Release|Any CPU.ActiveCfg = Release|Any CPU
		{4EF77BBF-44B9-4101-B492-5BBE42C7B94D}.Release|Any CPU.Build.0 = Release|Any CPU
		{9AE132B7-57B8-44DB-A6C4-270AA80D9569}.Debug|Any CPU.ActiveCfg = Debug|Any CPU
		{9AE132B7-57B8-44DB-A6C4-270AA80D9569}.Debug|Any CPU.Build.0 = Debug|Any CPU
		{9AE132B7-57B8-44DB-A6C4-270AA80D9569}.Release|Any CPU.ActiveCfg = Release|Any CPU
		{9AE132B7-57B8-44DB-A6C4-270AA80D9569}.Release|Any CPU.Build.0 = Release|Any CPU
		{1899ECB0-23EA-47E4-9F6E-8BED98485B11}.Debug|Any CPU.ActiveCfg = Debug|Any CPU
		{1899ECB0-23EA-47E4-9F6E-8BED98485B11}.Debug|Any CPU.Build.0 = Debug|Any CPU
		{1899ECB0-23EA-47E4-9F6E-8BED98485B11}.Release|Any CPU.ActiveCfg = Release|Any CPU
		{1899ECB0-23EA-47E4-9F6E-8BED98485B11}.Release|Any CPU.Build.0 = Release|Any CPU
	EndGlobalSection
	GlobalSection(SolutionProperties) = preSolution
		HideSolutionNode = FALSE
	EndGlobalSection
	GlobalSection(ExtensibilityGlobals) = postSolution
		SolutionGuid = {4D514CCE-3DDC-4E6C-9417-968B03A2BEBB}
	EndGlobalSection
EndGlobal
